
Microsoft Visual Studio Solution File, Format Version 12.00
# Visual Studio Version 16
VisualStudioVersion = 16.0.29123.88
MinimumVisualStudioVersion = 10.0.40219.1
Project("{9A19103F-16F7-4668-BE54-9A1E7A4F7556}") = "WebixLauncher", "WebixLauncher.csproj", "{843C77D1-28EB-42FF-B086-F02B42DEA1EC}"
EndProject
Global
	GlobalSection(SolutionConfigurationPlatforms) = preSolution
		Debug|Any CPU = Debug|Any CPU
		Release|Any CPU = Release|Any CPU
	EndGlobalSection
	GlobalSection(ProjectConfigurationPlatforms) = postSolution
		{843C77D1-28EB-42FF-B086-F02B42DEA1EC}.Debug|Any CPU.ActiveCfg = Debug|Any CPU
		{843C77D1-28EB-42FF-B086-F02B42DEA1EC}.Debug|Any CPU.Build.0 = Debug|Any CPU
		{843C77D1-28EB-42FF-B086-F02B42DEA1EC}.Release|Any CPU.ActiveCfg = Release|Any CPU
		{843C77D1-28EB-42FF-B086-F02B42DEA1EC}.Release|Any CPU.Build.0 = Release|Any CPU
	EndGlobalSection
	GlobalSection(SolutionProperties) = preSolution
		HideSolutionNode = FALSE
	EndGlobalSection
	GlobalSection(ExtensibilityGlobals) = postSolution
		SolutionGuid = {272FC36E-9ECD-48C0-9AA4-54B235079291}
	EndGlobalSection
EndGlobal
